<?xml version="1.0" encoding="utf-8"?>
<Project ToolsVersion="4.0" xmlns="http://schemas.microsoft.com/developer/msbuild/2003">
  <ItemGroup>
    <Filter Include="Source files">
      <UniqueIdentifier>{33f0e7fa-9982-46db-a6bb-c79e3821f202}</UniqueIdentifier>
      <Extensions>cpp;c;cc;cxx;def;odl;idl;hpj;bat;asm;asmx</Extensions>
    </Filter>
    <Filter Include="Header files">
      <UniqueIdentifier>{4b77396a-4c92-4ab7-8b2c-41cbe274fc96}</UniqueIdentifier>
      <Extensions>h;hpp;hxx;hm;inl;inc;xsd</Extensions>
    </Filter>
    <Filter Include="Resource files">
      <UniqueIdentifier>{d7988f0d-8ba1-426d-bdd3-200690ba9739}</UniqueIdentifier>
      <Extensions>rc;ico;cur;bmp;dlg;rc2;rct;bin;rgs;gif;jpg;jpeg;jpe;resx;tiff;tif;png;wav</Extensions>
    </Filter>
    <Filter Include="Make files">
      <UniqueIdentifier>{e81bfaca-291d-4b9a-b810-73ce69cf3941}</UniqueIdentifier>
      <Extensions>*.mak</Extensions>
    </Filter>
    <Filter Include="VisualGDB settings">
      <UniqueIdentifier>{49570e91-3844-4d5c-a1d2-62a41e450d6e}</UniqueIdentifier>
      <Extensions>*.vgdbsettings</Extensions>
    </Filter>
    <Filter Include="Source files\Device-specific files">
      <UniqueIdentifier>{730ab2b3-8f6d-4323-8e91-56f098f3c5bf}</UniqueIdentifier>
    </Filter>
    <Filter Include="Header files\Device-specific files">
      <UniqueIdentifier>{8036dbe3-8177-41bd-9288-a23a3c53e76b}</UniqueIdentifier>
    </Filter>
  </ItemGroup>
  <ItemGroup>
    <ClCompile Include="..\..\EmbeddedBSPs\LPC11xx\lpc_chip\lpc_chip\chip_11xx\acmp_11xx.c">
      <Filter>Source files\Device-specific files</Filter>
    </ClCompile>
    <ClCompile Include="..\..\EmbeddedBSPs\LPC11xx\lpc_chip\lpc_chip\chip_11xx\adc_1125.c">
      <Filter>Source files\Device-specific files</Filter>
    </ClCompile>
    <ClCompile Include="..\..\EmbeddedBSPs\LPC11xx\lpc_chip\lpc_chip\chip_11xx\adc_11xx.c">
      <Filter>Source files\Device-specific files</Filter>
    </ClCompile>
    <ClCompile Include="..\..\EmbeddedBSPs\LPC11xx\lpc_chip\lpc_chip\chip_11xx\chip_11xx.c">
      <Filter>Source files\Device-specific files</Filter>
    </ClCompile>
    <ClCompile Include="..\..\EmbeddedBSPs\LPC11xx\lpc_chip\lpc_chip\chip_11xx\clock_11xx.c">
      <Filter>Source files\Device-specific files</Filter>
    </ClCompile>
    <ClCompile Include="..\..\EmbeddedBSPs\LPC11xx\lpc_chip\lpc_chip\chip_11xx\dac_11xx.c">
      <Filter>Source files\Device-specific files</Filter>
    </ClCompile>
    <ClCompile Include="..\..\EmbeddedBSPs\LPC11xx\lpc_chip\lpc_chip\chip_11xx\gpiogroup_11xx.c">
      <Filter>Source files\Device-specific files</Filter>
    </ClCompile>
    <ClCompile Include="..\..\EmbeddedBSPs\LPC11xx\lpc_chip\lpc_chip\chip_11xx\gpio_11xx_1.c">
      <Filter>Source files\Device-specific files</Filter>
    </ClCompile>
    <ClCompile Include="..\..\EmbeddedBSPs\LPC11xx\lpc_chip\lpc_chip\chip_11xx\gpio_11xx_2.c">
      <Filter>Source files\Device-specific files</Filter>
    </ClCompile>
    <ClCompile Include="..\..\EmbeddedBSPs\LPC11xx\lpc_chip\lpc_chip\chip_11xx\i2cm_11xx.c">
      <Filter>Source files\Device-specific files</Filter>
    </ClCompile>
    <ClCompile Include="..\..\EmbeddedBSPs\LPC11xx\lpc_chip\lpc_chip\chip_11xx\i2c_11xx.c">
      <Filter>Source files\Device-specific files</Filter>
    </ClCompile>
    <ClCompile Include="..\..\EmbeddedBSPs\LPC11xx\lpc_chip\lpc_chip\chip_11xx\iocon_11xx.c">
      <Filter>Source files\Device-specific files</Filter>
    </ClCompile>
    <ClCompile Include="..\..\EmbeddedBSPs\LPC11xx\lpc_chip\lpc_chip\chip_11xx\pinint_11xx.c">
      <Filter>Source files\Device-specific files</Filter>
    </ClCompile>
    <ClCompile Include="..\..\EmbeddedBSPs\LPC11xx\lpc_chip\lpc_chip\chip_11xx\pmu_11xx.c">
      <Filter>Source files\Device-specific files</Filter>
    </ClCompile>
    <ClCompile Include="..\..\EmbeddedBSPs\LPC11xx\lpc_chip\lpc_chip\chip_11xx\ssp_11xx.c">
      <Filter>Source files\Device-specific files</Filter>
    </ClCompile>
    <ClCompile Include="..\..\EmbeddedBSPs\LPC11xx\lpc_chip\lpc_chip\chip_11xx\sysctl_11xx.c">
      <Filter>Source files\Device-specific files</Filter>
    </ClCompile>
    <ClCompile Include="..\..\EmbeddedBSPs\LPC11xx\lpc_chip\lpc_chip\chip_11xx\sysinit_11xx.c">
      <Filter>Source files\Device-specific files</Filter>
    </ClCompile>
    <ClCompile Include="..\..\EmbeddedBSPs\LPC11xx\lpc_chip\lpc_chip\chip_11xx\timer_11xx.c">
      <Filter>Source files\Device-specific files</Filter>
    </ClCompile>
    <ClCompile Include="..\..\EmbeddedBSPs\LPC11xx\lpc_chip\lpc_chip\chip_11xx\uart_11xx.c">
      <Filter>Source files\Device-specific files</Filter>
    </ClCompile>
    <ClCompile Include="..\..\EmbeddedBSPs\LPC11xx\lpc_chip\lpc_chip\chip_11xx\wwdt_11xx.c">
      <Filter>Source files\Device-specific files</Filter>
    </ClCompile>
    <ClCompile Include="..\..\EmbeddedBSPs\LPC11xx\lpc_chip\lpc_chip\chip_common\ring_buffer.c">
      <Filter>Source files\Device-specific files</Filter>
    </ClCompile>
    <ClCompile Include="..\..\EmbeddedBSPs\Common\startup.c">
      <Filter>Source files\Device-specific files</Filter>
    </ClCompile>
    <ClCompile Include="..\..\EmbeddedBSPs\LPC11xx\StartupFiles\CHIP_LPC11CXX_cr_startup_lpc11xx.c">
      <Filter>Source files\Device-specific files</Filter>
    </ClCompile>
    <ClCompile Include="Pot-meter.c">
      <Filter>Source files</Filter>
    </ClCompile>
  </ItemGroup>
  <ItemGroup>
    <None Include="Makefile" />
    <None Include="debug.mak">
      <Filter>Make files</Filter>
    </None>
    <None Include="Yasmin-detector-Debug.vgdbsettings">
      <Filter>VisualGDB settings</Filter>
    </None>
    <None Include="release.mak">
      <Filter>Make files</Filter>
    </None>
    <None Include="Yasmin-detector-Release.vgdbsettings">
      <Filter>VisualGDB settings</Filter>
    </None>
    <None Include="nxp_lpc.mak">
      <Filter>Source files\Device-specific files</Filter>
    </None>
  </ItemGroup>
  <ItemGroup>
    <ClInclude Include="..\..\EmbeddedBSPs\LPC11xx\lpc_chip\CMSIS\CMSIS\Include\arm_common_tables.h">
      <Filter>Header files\Device-specific files</Filter>
    </ClInclude>
    <ClInclude Include="..\..\EmbeddedBSPs\LPC11xx\lpc_chip\CMSIS\CMSIS\Include\arm_math.h">
      <Filter>Header files\Device-specific files</Filter>
    </ClInclude>
    <ClInclude Include="..\..\EmbeddedBSPs\LPC11xx\lpc_chip\CMSIS\CMSIS\Include\core_cm0.h">
      <Filter>Header files\Device-specific files</Filter>
    </ClInclude>
    <ClInclude Include="..\..\EmbeddedBSPs\LPC11xx\lpc_chip\CMSIS\CMSIS\Include\core_cm0plus.h">
      <Filter>Header files\Device-specific files</Filter>
    </ClInclude>
    <ClInclude Include="..\..\EmbeddedBSPs\LPC11xx\lpc_chip\CMSIS\CMSIS\Include\core_cm3.h">
      <Filter>Header files\Device-specific files</Filter>
    </ClInclude>
    <ClInclude Include="..\..\EmbeddedBSPs\LPC11xx\lpc_chip\CMSIS\CMSIS\Include\core_cm4.h">
      <Filter>Header files\Device-specific files</Filter>
    </ClInclude>
    <ClInclude Include="..\..\EmbeddedBSPs\LPC11xx\lpc_chip\CMSIS\CMSIS\Include\core_cm4_simd.h">
      <Filter>Header files\Device-specific files</Filter>
    </ClInclude>
    <ClInclude Include="..\..\EmbeddedBSPs\LPC11xx\lpc_chip\CMSIS\CMSIS\Include\core_cmFunc.h">
      <Filter>Header files\Device-specific files</Filter>
    </ClInclude>
    <ClInclude Include="..\..\EmbeddedBSPs\LPC11xx\lpc_chip\CMSIS\CMSIS\Include\core_cmInstr.h">
      <Filter>Header files\Device-specific files</Filter>
    </ClInclude>
    <ClInclude Include="..\..\EmbeddedBSPs\LPC11xx\lpc_chip\CMSIS\CMSIS\Include\core_sc000.h">
      <Filter>Header files\Device-specific files</Filter>
    </ClInclude>
    <ClInclude Include="..\..\EmbeddedBSPs\LPC11xx\lpc_chip\CMSIS\CMSIS\Include\core_sc300.h">
      <Filter>Header files\Device-specific files</Filter>
    </ClInclude>
    <ClInclude Include="..\..\EmbeddedBSPs\LPC11xx\lpc_chip\CMSIS\CMSIS\RTOS\cmsis_os.h">
      <Filter>Header files\Device-specific files</Filter>
    </ClInclude>
    <ClInclude Include="..\..\EmbeddedBSPs\LPC11xx\lpc_chip\lpcusbsio\lpcusbsio_i2c.h">
      <Filter>Header files\Device-specific files</Filter>
    </ClInclude>
    <ClInclude Include="..\..\EmbeddedBSPs\LPC11xx\lpc_chip\lpc_chip\chip_11xx\acmp_11xx.h">
      <Filter>Header files\Device-specific files</Filter>
    </ClInclude>
    <ClInclude Include="..\..\EmbeddedBSPs\LPC11xx\lpc_chip\lpc_chip\chip_11xx\adc_1125.h">
      <Filter>Header files\Device-specific files</Filter>
    </ClInclude>
    <ClInclude Include="..\..\EmbeddedBSPs\LPC11xx\lpc_chip\lpc_chip\chip_11xx\adc_11xx.h">
      <Filter>Header files\Device-specific files</Filter>
    </ClInclude>
    <ClInclude Include="..\..\EmbeddedBSPs\LPC11xx\lpc_chip\lpc_chip\chip_11xx\ccand_11xx.h">
      <Filter>Header files\Device-specific files</Filter>
    </ClInclude>
    <ClInclude Include="..\..\EmbeddedBSPs\LPC11xx\lpc_chip\lpc_chip\chip_11xx\chip.h">
      <Filter>Header files\Device-specific files</Filter>
    </ClInclude>
    <ClInclude Include="..\..\EmbeddedBSPs\LPC11xx\lpc_chip\lpc_chip\chip_11xx\clock_11xx.h">
      <Filter>Header files\Device-specific files</Filter>
    </ClInclude>
    <ClInclude Include="..\..\EmbeddedBSPs\LPC11xx\lpc_chip\lpc_chip\chip_11xx\cmsis.h">
      <Filter>Header files\Device-specific files</Filter>
    </ClInclude>
    <ClInclude Include="..\..\EmbeddedBSPs\LPC11xx\lpc_chip\lpc_chip\chip_11xx\dac_11xx.h">
      <Filter>Header files\Device-specific files</Filter>
    </ClInclude>
    <ClInclude Include="..\..\EmbeddedBSPs\LPC11xx\lpc_chip\lpc_chip\chip_11xx\fmc_11xx.h">
      <Filter>Header files\Device-specific files</Filter>
    </ClInclude>
    <ClInclude Include="..\..\EmbeddedBSPs\LPC11xx\lpc_chip\lpc_chip\chip_11xx\gpiogroup_11xx.h">
      <Filter>Header files\Device-specific files</Filter>
    </ClInclude>
    <ClInclude Include="..\..\EmbeddedBSPs\LPC11xx\lpc_chip\lpc_chip\chip_11xx\gpio_11xx_1.h">
      <Filter>Header files\Device-specific files</Filter>
    </ClInclude>
    <ClInclude Include="..\..\EmbeddedBSPs\LPC11xx\lpc_chip\lpc_chip\chip_11xx\gpio_11xx_2.h">
      <Filter>Header files\Device-specific files</Filter>
    </ClInclude>
    <ClInclude Include="..\..\EmbeddedBSPs\LPC11xx\lpc_chip\lpc_chip\chip_11xx\i2cm_11xx.h">
      <Filter>Header files\Device-specific files</Filter>
    </ClInclude>
    <ClInclude Include="..\..\EmbeddedBSPs\LPC11xx\lpc_chip\lpc_chip\chip_11xx\i2c_11xx.h">
      <Filter>Header files\Device-specific files</Filter>
    </ClInclude>
    <ClInclude Include="..\..\EmbeddedBSPs\LPC11xx\lpc_chip\lpc_chip\chip_11xx\i2c_common_11xx.h">
      <Filter>Header files\Device-specific files</Filter>
    </ClInclude>
    <ClInclude Include="..\..\EmbeddedBSPs\LPC11xx\lpc_chip\lpc_chip\chip_11xx\iocon_11xx.h">
      <Filter>Header files\Device-specific files</Filter>
    </ClInclude>
    <ClInclude Include="..\..\EmbeddedBSPs\LPC11xx\lpc_chip\lpc_chip\chip_11xx\pinint_11xx.h">
      <Filter>Header files\Device-specific files</Filter>
    </ClInclude>
    <ClInclude Include="..\..\EmbeddedBSPs\LPC11xx\lpc_chip\lpc_chip\chip_11xx\pmu_11xx.h">
      <Filter>Header files\Device-specific files</Filter>
    </ClInclude>
    <ClInclude Include="..\..\EmbeddedBSPs\LPC11xx\lpc_chip\lpc_chip\chip_11xx\romapi_11xx.h">
      <Filter>Header files\Device-specific files</Filter>
    </ClInclude>
    <ClInclude Include="..\..\EmbeddedBSPs\LPC11xx\lpc_chip\lpc_chip\chip_11xx\ssp_11xx.h">
      <Filter>Header files\Device-specific files</Filter>
    </ClInclude>
    <ClInclude Include="..\..\EmbeddedBSPs\LPC11xx\lpc_chip\lpc_chip\chip_11xx\sysctl_11xx.h">
      <Filter>Header files\Device-specific files</Filter>
    </ClInclude>
    <ClInclude Include="..\..\EmbeddedBSPs\LPC11xx\lpc_chip\lpc_chip\chip_11xx\timer_11xx.h">
      <Filter>Header files\Device-specific files</Filter>
    </ClInclude>
    <ClInclude Include="..\..\EmbeddedBSPs\LPC11xx\lpc_chip\lpc_chip\chip_11xx\uart_11xx.h">
      <Filter>Header files\Device-specific files</Filter>
    </ClInclude>
    <ClInclude Include="..\..\EmbeddedBSPs\LPC11xx\lpc_chip\lpc_chip\chip_11xx\usbd_11xx.h">
      <Filter>Header files\Device-specific files</Filter>
    </ClInclude>
    <ClInclude Include="..\..\EmbeddedBSPs\LPC11xx\lpc_chip\lpc_chip\chip_11xx\wwdt_11xx.h">
      <Filter>Header files\Device-specific files</Filter>
    </ClInclude>
    <ClInclude Include="..\..\EmbeddedBSPs\LPC11xx\lpc_chip\lpc_chip\chip_11xx\config_110x\cmsis_110x.h">
      <Filter>Header files\Device-specific files</Filter>
    </ClInclude>
    <ClInclude Include="..\..\EmbeddedBSPs\LPC11xx\lpc_chip\lpc_chip\chip_11xx\config_1125\cmsis_1125.h">
      <Filter>Header files\Device-specific files</Filter>
    </ClInclude>
    <ClInclude Include="..\..\EmbeddedBSPs\LPC11xx\lpc_chip\lpc_chip\chip_11xx\config_11axx\cmsis_11axx.h">
      <Filter>Header files\Device-specific files</Filter>
    </ClInclude>
    <ClInclude Include="..\..\EmbeddedBSPs\LPC11xx\lpc_chip\lpc_chip\chip_11xx\config_11cxx\cmsis_11cxx.h">
      <Filter>Header files\Device-specific files</Filter>
    </ClInclude>
    <ClInclude Include="..\..\EmbeddedBSPs\LPC11xx\lpc_chip\lpc_chip\chip_11xx\config_11exx\cmsis_11exx.h">
      <Filter>Header files\Device-specific files</Filter>
    </ClInclude>
    <ClInclude Include="..\..\EmbeddedBSPs\LPC11xx\lpc_chip\lpc_chip\chip_11xx\config_11uxx\cmsis_11uxx.h">
      <Filter>Header files\Device-specific files</Filter>
    </ClInclude>
    <ClInclude Include="..\..\EmbeddedBSPs\LPC11xx\lpc_chip\lpc_chip\chip_11xx\config_11xxlv\cmsis_11lvxx.h">
      <Filter>Header files\Device-specific files</Filter>
    </ClInclude>
    <ClInclude Include="..\..\EmbeddedBSPs\LPC11xx\lpc_chip\lpc_chip\chip_common\error.h">
      <Filter>Header files\Device-specific files</Filter>
    </ClInclude>
    <ClInclude Include="..\..\EmbeddedBSPs\LPC11xx\lpc_chip\lpc_chip\chip_common\lpc_types.h">
      <Filter>Header files\Device-specific files</Filter>
    </ClInclude>
    <ClInclude Include="..\..\EmbeddedBSPs\LPC11xx\lpc_chip\lpc_chip\chip_common\ring_buffer.h">
      <Filter>Header files\Device-specific files</Filter>
    </ClInclude>
    <ClInclude Include="..\..\EmbeddedBSPs\LPC11xx\lpc_chip\lpc_chip\usbd_rom\usbd.h">
      <Filter>Header files\Device-specific files</Filter>
    </ClInclude>
    <ClInclude Include="..\..\EmbeddedBSPs\LPC11xx\lpc_chip\lpc_chip\usbd_rom\usbd_audio.h">
      <Filter>Header files\Device-specific files</Filter>
    </ClInclude>
    <ClInclude Include="..\..\EmbeddedBSPs\LPC11xx\lpc_chip\lpc_chip\usbd_rom\usbd_cdc.h">
      <Filter>Header files\Device-specific files</Filter>
    </ClInclude>
    <ClInclude Include="..\..\EmbeddedBSPs\LPC11xx\lpc_chip\lpc_chip\usbd_rom\usbd_cdcuser.h">
      <Filter>Header files\Device-specific files</Filter>
    </ClInclude>
    <ClInclude Include="..\..\EmbeddedBSPs\LPC11xx\lpc_chip\lpc_chip\usbd_rom\usbd_core.h">
      <Filter>Header files\Device-specific files</Filter>
    </ClInclude>
    <ClInclude Include="..\..\EmbeddedBSPs\LPC11xx\lpc_chip\lpc_chip\usbd_rom\usbd_desc.h">
      <Filter>Header files\Device-specific files</Filter>
    </ClInclude>
    <ClInclude Include="..\..\EmbeddedBSPs\LPC11xx\lpc_chip\lpc_chip\usbd_rom\usbd_dfu.h">
      <Filter>Header files\Device-specific files</Filter>
    </ClInclude>
    <ClInclude Include="..\..\EmbeddedBSPs\LPC11xx\lpc_chip\lpc_chip\usbd_rom\usbd_dfuuser.h">
      <Filter>Header files\Device-specific files</Filter>
    </ClInclude>
    <ClInclude Include="..\..\EmbeddedBSPs\LPC11xx\lpc_chip\lpc_chip\usbd_rom\usbd_hid.h">
      <Filter>Header files\Device-specific files</Filter>
    </ClInclude>
    <ClInclude Include="..\..\EmbeddedBSPs\LPC11xx\lpc_chip\lpc_chip\usbd_rom\usbd_hiduser.h">
      <Filter>Header files\Device-specific files</Filter>
    </ClInclude>
    <ClInclude Include="..\..\EmbeddedBSPs\LPC11xx\lpc_chip\lpc_chip\usbd_rom\usbd_hw.h">
      <Filter>Header files\Device-specific files</Filter>
    </ClInclude>
    <ClInclude Include="..\..\EmbeddedBSPs\LPC11xx\lpc_chip\lpc_chip\usbd_rom\usbd_msc.h">
      <Filter>Header files\Device-specific files</Filter>
    </ClInclude>
    <ClInclude Include="..\..\EmbeddedBSPs\LPC11xx\lpc_chip\lpc_chip\usbd_rom\usbd_mscuser.h">
      <Filter>Header files\Device-specific files</Filter>
    </ClInclude>
    <ClInclude Include="..\..\EmbeddedBSPs\LPC11xx\lpc_chip\lpc_chip\usbd_rom\usbd_rom_api.h">
      <Filter>Header files\Device-specific files</Filter>
    </ClInclude>
    <ClInclude Include="..\..\EmbeddedBSPs\Common\sys_config.h">
      <Filter>Header files\Device-specific files</Filter>
    </ClInclude>
  </ItemGroup>
  <ItemGroup>
    <Xml Include="nxp_lpc.xml">
      <Filter>VisualGDB settings</Filter>
    </Xml>
  </ItemGroup>
</Project>