Microsoft Visual Studio Solution File, Format Version 12.00
# Visual Studio 14
VisualStudioVersion = 14.0.25420.1
MinimumVisualStudioVersion = 10.0.40219.1
Project("{8BC9CEB8-8B4A-11D0-8D11-00A0C91BC942}") = "LPCXtest", "LPCXtest\LPCXtest.vcxproj", "{BA6E7B6F-7201-4A38-8B66-0281F30682D5}"
EndProject
Project("{8BC9CEB8-8B4A-11D0-8D11-00A0C91BC942}") = "EM4_CAN_IN", "EM4_CAN_IN\EM4_CAN_IN.vcxproj", "{64E1AA12-4F43-41EF-B599-D8F6947F9280}"
EndProject
Project("{8BC9CEB8-8B4A-11D0-8D11-00A0C91BC942}") = "EM4_CAN_OUT", "EM4_CAN_OUT\EM4_CAN_OUT.vcxproj", "{A4D65FD9-80A8-49D9-B2B1-ECFA6EE15873}"
EndProject
Project("{2150E333-8FDC-42A3-9474-1A3956D46DE8}") = "Solution Items", "Solution Items", "{874D810F-636B-49CC-9F40-4F85618160A4}"
	ProjectSection(SolutionItems) = preProject
		ToDo.txt = ToDo.txt
	EndProjectSection
EndProject
Project("{8BC9CEB8-8B4A-11D0-8D11-00A0C91BC942}") = "Testinator", "Testinator\Testinator.vcxproj", "{1C248CF3-C55C-4643-A256-C199AE7CDB10}"
EndProject
Project("{8BC9CEB8-8B4A-11D0-8D11-00A0C91BC942}") = "CAN_OUT_AS_IN", "CAN_OUT_AS_IN\CAN_OUT_AS_IN.vcxproj", "{D9C24C82-975D-43D6-98C7-CB5452567EE8}"
EndProject
Project("{8BC9CEB8-8B4A-11D0-8D11-00A0C91BC942}") = "HUDandiel", "HUDandiel\HUDandiel.vcxproj", "{4802B101-5943-4FC6-8E93-DD2B4EC5F373}"
EndProject
Global
	GlobalSection(SolutionConfigurationPlatforms) = preSolution
		Debug|x86 = Debug|x86
		Release|x86 = Release|x86
	EndGlobalSection
	GlobalSection(ProjectConfigurationPlatforms) = postSolution
		{BA6E7B6F-7201-4A38-8B66-0281F30682D5}.Debug|x64.ActiveCfg = Debug|Win32
		{BA6E7B6F-7201-4A38-8B66-0281F30682D5}.Debug|x86.ActiveCfg = Debug|Win32
		{BA6E7B6F-7201-4A38-8B66-0281F30682D5}.Debug|x86.Build.0 = Debug|Win32
		{BA6E7B6F-7201-4A38-8B66-0281F30682D5}.Release|x64.ActiveCfg = Release|Win32
		{BA6E7B6F-7201-4A38-8B66-0281F30682D5}.Release|x86.ActiveCfg = Release|Win32
		{BA6E7B6F-7201-4A38-8B66-0281F30682D5}.Release|x86.Build.0 = Release|Win32
		{64E1AA12-4F43-41EF-B599-D8F6947F9280}.Debug|x64.ActiveCfg = Debug|Win32
		{64E1AA12-4F43-41EF-B599-D8F6947F9280}.Debug|x86.ActiveCfg = Debug|Win32
		{64E1AA12-4F43-41EF-B599-D8F6947F9280}.Debug|x86.Build.0 = Debug|Win32
		{64E1AA12-4F43-41EF-B599-D8F6947F9280}.Release|x64.ActiveCfg = Release|Win32
		{64E1AA12-4F43-41EF-B599-D8F6947F9280}.Release|x86.ActiveCfg = Release|Win32
		{64E1AA12-4F43-41EF-B599-D8F6947F9280}.Release|x86.Build.0 = Release|Win32
		{A4D65FD9-80A8-49D9-B2B1-ECFA6EE15873}.Debug|x64.ActiveCfg = Debug|Win32
		{A4D65FD9-80A8-49D9-B2B1-ECFA6EE15873}.Debug|x86.ActiveCfg = Debug|Win32
		{A4D65FD9-80A8-49D9-B2B1-ECFA6EE15873}.Debug|x86.Build.0 = Debug|Win32
		{A4D65FD9-80A8-49D9-B2B1-ECFA6EE15873}.Release|x64.ActiveCfg = Release|Win32
		{A4D65FD9-80A8-49D9-B2B1-ECFA6EE15873}.Release|x86.ActiveCfg = Release|Win32
		{A4D65FD9-80A8-49D9-B2B1-ECFA6EE15873}.Release|x86.Build.0 = Release|Win32
		{1C248CF3-C55C-4643-A256-C199AE7CDB10}.Debug|x64.ActiveCfg = Debug|Win32
		{1C248CF3-C55C-4643-A256-C199AE7CDB10}.Debug|x86.ActiveCfg = Debug|Win32
		{1C248CF3-C55C-4643-A256-C199AE7CDB10}.Debug|x86.Build.0 = Debug|Win32
		{1C248CF3-C55C-4643-A256-C199AE7CDB10}.Release|x64.ActiveCfg = Release|Win32
		{1C248CF3-C55C-4643-A256-C199AE7CDB10}.Release|x86.ActiveCfg = Release|Win32
		{1C248CF3-C55C-4643-A256-C199AE7CDB10}.Release|x86.Build.0 = Release|Win32
		{D9C24C82-975D-43D6-98C7-CB5452567EE8}.Debug|x64.ActiveCfg = Debug|Win32
		{D9C24C82-975D-43D6-98C7-CB5452567EE8}.Debug|x86.ActiveCfg = Debug|Win32
		{D9C24C82-975D-43D6-98C7-CB5452567EE8}.Debug|x86.Build.0 = Debug|Win32
		{D9C24C82-975D-43D6-98C7-CB5452567EE8}.Release|x64.ActiveCfg = Release|Win32
		{D9C24C82-975D-43D6-98C7-CB5452567EE8}.Release|x86.ActiveCfg = Release|Win32
		{D9C24C82-975D-43D6-98C7-CB5452567EE8}.Release|x86.Build.0 = Release|Win32
		{4802B101-5943-4FC6-8E93-DD2B4EC5F373}.Debug|x64.ActiveCfg = Debug|Win32
		{4802B101-5943-4FC6-8E93-DD2B4EC5F373}.Debug|x86.ActiveCfg = Debug|Win32
		{4802B101-5943-4FC6-8E93-DD2B4EC5F373}.Debug|x86.Build.0 = Debug|Win32
		{4802B101-5943-4FC6-8E93-DD2B4EC5F373}.Release|x64.ActiveCfg = Release|Win32
		{4802B101-5943-4FC6-8E93-DD2B4EC5F373}.Release|x86.ActiveCfg = Release|Win32
		{4802B101-5943-4FC6-8E93-DD2B4EC5F373}.Release|x86.Build.0 = Release|Win32
	EndGlobalSection
	GlobalSection(SolutionProperties) = preSolution
		HideSolutionNode = FALSE
	EndGlobalSection
EndGlobal
