Microsoft Visual Studio Solution File, Format Version 12.00
# Visual Studio 14
VisualStudioVersion = 14.0.25420.1
MinimumVisualStudioVersion = 10.0.40219.1
Project("{8BC9CEB8-8B4A-11D0-8D11-00A0C91BC942}") = "TUIcomotive", "TUIcomotive\TUIcomotive.vcxproj", "{B12702AD-ABFB-343A-A199-8E24837244A3}"
EndProject
Project("{8BC9CEB8-8B4A-11D0-8D11-00A0C91BC942}") = "qpie", "qpie\qpie.vcxproj", "{26836121-197E-4F64-AB41-B9A7A1A6CF55}"
EndProject
Project("{8BC9CEB8-8B4A-11D0-8D11-00A0C91BC942}") = "QtPieMenu", "QtPieMenu\QtPieMenu.vcxproj", "{E5634250-406E-4152-95A6-75533F0910EF}"
EndProject
Project("{8BC9CEB8-8B4A-11D0-8D11-00A0C91BC942}") = "CustomClock", "CustomClock\CustomClock.vcxproj", "{97374901-64E3-48DE-ACA9-8B43BE4D46C9}"
EndProject
Project("{8BC9CEB8-8B4A-11D0-8D11-00A0C91BC942}") = "SlideMenu", "SlideMenu\SlideMenu.vcxproj", "{62FE7E2F-060F-460F-8D05-FECA0D9C0FA3}"
EndProject
Global
	GlobalSection(SolutionConfigurationPlatforms) = preSolution
		Debug|x64 = Debug|x64
		Debug|x86 = Debug|x86
		NewPi|x64 = NewPi|x64
		NewPi|x86 = NewPi|x86
		Release|x64 = Release|x64
		Release|x86 = Release|x86
	EndGlobalSection
	GlobalSection(ProjectConfigurationPlatforms) = postSolution
		{B12702AD-ABFB-343A-A199-8E24837244A3}.Debug|x64.ActiveCfg = Debug|x64
		{B12702AD-ABFB-343A-A199-8E24837244A3}.Debug|x64.Build.0 = Debug|x64
		{B12702AD-ABFB-343A-A199-8E24837244A3}.Debug|x86.ActiveCfg = Debug|x64
		{B12702AD-ABFB-343A-A199-8E24837244A3}.Debug|x86.Build.0 = Debug|x64
		{B12702AD-ABFB-343A-A199-8E24837244A3}.NewPi|x64.ActiveCfg = NewPi|x64
		{B12702AD-ABFB-343A-A199-8E24837244A3}.NewPi|x64.Build.0 = NewPi|x64
		{B12702AD-ABFB-343A-A199-8E24837244A3}.NewPi|x86.ActiveCfg = NewPi|x64
		{B12702AD-ABFB-343A-A199-8E24837244A3}.NewPi|x86.Build.0 = NewPi|x64
		{B12702AD-ABFB-343A-A199-8E24837244A3}.Release|x64.ActiveCfg = Release|x64
		{B12702AD-ABFB-343A-A199-8E24837244A3}.Release|x64.Build.0 = Release|x64
		{B12702AD-ABFB-343A-A199-8E24837244A3}.Release|x86.ActiveCfg = Release|x64
		{26836121-197E-4F64-AB41-B9A7A1A6CF55}.Debug|x64.ActiveCfg = Debug|x64
		{26836121-197E-4F64-AB41-B9A7A1A6CF55}.Debug|x64.Build.0 = Debug|x64
		{26836121-197E-4F64-AB41-B9A7A1A6CF55}.Debug|x86.ActiveCfg = Debug|x64
		{26836121-197E-4F64-AB41-B9A7A1A6CF55}.Debug|x86.Build.0 = Debug|x64
		{26836121-197E-4F64-AB41-B9A7A1A6CF55}.NewPi|x64.ActiveCfg = Release|x64
		{26836121-197E-4F64-AB41-B9A7A1A6CF55}.NewPi|x64.Build.0 = Release|x64
		{26836121-197E-4F64-AB41-B9A7A1A6CF55}.NewPi|x86.ActiveCfg = Release|x64
		{26836121-197E-4F64-AB41-B9A7A1A6CF55}.Release|x64.ActiveCfg = Release|x64
		{26836121-197E-4F64-AB41-B9A7A1A6CF55}.Release|x64.Build.0 = Release|x64
		{26836121-197E-4F64-AB41-B9A7A1A6CF55}.Release|x86.ActiveCfg = Release|x64
		{E5634250-406E-4152-95A6-75533F0910EF}.Debug|x64.ActiveCfg = Debug|x64
		{E5634250-406E-4152-95A6-75533F0910EF}.Debug|x64.Build.0 = Debug|x64
		{E5634250-406E-4152-95A6-75533F0910EF}.Debug|x86.ActiveCfg = Debug|x64
		{E5634250-406E-4152-95A6-75533F0910EF}.Debug|x86.Build.0 = Debug|x64
		{E5634250-406E-4152-95A6-75533F0910EF}.NewPi|x64.ActiveCfg = Release|x64
		{E5634250-406E-4152-95A6-75533F0910EF}.NewPi|x64.Build.0 = Release|x64
		{E5634250-406E-4152-95A6-75533F0910EF}.NewPi|x86.ActiveCfg = Release|x64
		{E5634250-406E-4152-95A6-75533F0910EF}.Release|x64.ActiveCfg = Release|x64
		{E5634250-406E-4152-95A6-75533F0910EF}.Release|x64.Build.0 = Release|x64
		{E5634250-406E-4152-95A6-75533F0910EF}.Release|x86.ActiveCfg = Release|x64
		{97374901-64E3-48DE-ACA9-8B43BE4D46C9}.Debug|x64.ActiveCfg = Debug|x64
		{97374901-64E3-48DE-ACA9-8B43BE4D46C9}.Debug|x64.Build.0 = Debug|x64
		{97374901-64E3-48DE-ACA9-8B43BE4D46C9}.Debug|x86.ActiveCfg = Debug|x64
		{97374901-64E3-48DE-ACA9-8B43BE4D46C9}.Debug|x86.Build.0 = Debug|x64
		{97374901-64E3-48DE-ACA9-8B43BE4D46C9}.NewPi|x64.ActiveCfg = Release|x64
		{97374901-64E3-48DE-ACA9-8B43BE4D46C9}.NewPi|x64.Build.0 = Release|x64
		{97374901-64E3-48DE-ACA9-8B43BE4D46C9}.NewPi|x86.ActiveCfg = Release|x64
		{97374901-64E3-48DE-ACA9-8B43BE4D46C9}.Release|x64.ActiveCfg = Release|x64
		{97374901-64E3-48DE-ACA9-8B43BE4D46C9}.Release|x64.Build.0 = Release|x64
		{97374901-64E3-48DE-ACA9-8B43BE4D46C9}.Release|x86.ActiveCfg = Release|x64
		{62FE7E2F-060F-460F-8D05-FECA0D9C0FA3}.Debug|x64.ActiveCfg = Debug|x64
		{62FE7E2F-060F-460F-8D05-FECA0D9C0FA3}.Debug|x64.Build.0 = Debug|x64
		{62FE7E2F-060F-460F-8D05-FECA0D9C0FA3}.Debug|x86.ActiveCfg = Debug|x64
		{62FE7E2F-060F-460F-8D05-FECA0D9C0FA3}.NewPi|x64.ActiveCfg = Release|x64
		{62FE7E2F-060F-460F-8D05-FECA0D9C0FA3}.NewPi|x64.Build.0 = Release|x64
		{62FE7E2F-060F-460F-8D05-FECA0D9C0FA3}.NewPi|x86.ActiveCfg = Release|x64
		{62FE7E2F-060F-460F-8D05-FECA0D9C0FA3}.NewPi|x86.Build.0 = Release|x64
		{62FE7E2F-060F-460F-8D05-FECA0D9C0FA3}.Release|x64.ActiveCfg = Release|x64
		{62FE7E2F-060F-460F-8D05-FECA0D9C0FA3}.Release|x64.Build.0 = Release|x64
		{62FE7E2F-060F-460F-8D05-FECA0D9C0FA3}.Release|x86.ActiveCfg = Release|x64
	EndGlobalSection
	GlobalSection(SolutionProperties) = preSolution
		HideSolutionNode = FALSE
	EndGlobalSection
EndGlobal
